{
  "version": 4,
  "terraform_version": "1.0.7",
  "serial": 8,
  "lineage": "69f9071d-a1a9-e4b3-f8d9-bbdc23dc7904",
  "outputs": {},
  "resources": [
    {
      "mode": "managed",
      "type": "azurerm_network_interface",
      "name": "nic",
      "provider": "provider[\"registry.terraform.io/hashicorp/azurerm\"]",
      "instances": [
        {
          "schema_version": 0,
          "attributes": {
            "applied_dns_servers": [],
            "dns_servers": [],
            "enable_accelerated_networking": false,
            "enable_ip_forwarding": false,
            "id": "/subscriptions/311c3c89-ff0e-4e75-901d-4d6bfa63fb32/resourceGroups/basic-rg/providers/Microsoft.Network/networkInterfaces/basic-winvm-nic",
            "internal_dns_name_label": "",
            "internal_domain_name_suffix": "gyvho25koxeelfs2vyn23omv4d.cx.internal.cloudapp.net",
            "ip_configuration": [
              {
                "name": "basic-nic-ipconfig",
                "primary": true,
                "private_ip_address": "10.0.1.4",
                "private_ip_address_allocation": "Dynamic",
                "private_ip_address_version": "IPv4",
                "public_ip_address_id": "/subscriptions/311c3c89-ff0e-4e75-901d-4d6bfa63fb32/resourceGroups/basic-rg/providers/Microsoft.Network/publicIPAddresses/basic-winvm-public-ip",
                "subnet_id": "/subscriptions/311c3c89-ff0e-4e75-901d-4d6bfa63fb32/resourceGroups/basic-rg/providers/Microsoft.Network/virtualNetworks/basic-vnet/subnets/basic-web-subnet"
              }
            ],
            "location": "eastus2",
            "mac_address": "",
            "name": "basic-winvm-nic",
            "private_ip_address": "10.0.1.4",
            "private_ip_addresses": [
              "10.0.1.4"
            ],
            "resource_group_name": "basic-rg",
            "tags": {
              "deployed_with": "Terraform",
              "project": "Collabnix"
            },
            "timeouts": null,
            "virtual_machine_id": ""
          },
          "sensitive_attributes": [],
          "private": "eyJlMmJmYjczMC1lY2FhLTExZTYtOGY4OC0zNDM2M2JjN2M0YzAiOnsiY3JlYXRlIjoxODAwMDAwMDAwMDAwLCJkZWxldGUiOjE4MDAwMDAwMDAwMDAsInJlYWQiOjMwMDAwMDAwMDAwMCwidXBkYXRlIjoxODAwMDAwMDAwMDAwfX0=",
          "dependencies": [
            "azurerm_public_ip.pip",
            "azurerm_resource_group.rg",
            "azurerm_subnet.web",
            "azurerm_virtual_network.vnet"
          ]
        }
      ]
    },
    {
      "mode": "managed",
      "type": "azurerm_public_ip",
      "name": "pip",
      "provider": "provider[\"registry.terraform.io/hashicorp/azurerm\"]",
      "instances": [
        {
          "schema_version": 0,
          "attributes": {
            "allocation_method": "Static",
            "availability_zone": "No-Zone",
            "domain_name_label": null,
            "fqdn": null,
            "id": "/subscriptions/311c3c89-ff0e-4e75-901d-4d6bfa63fb32/resourceGroups/basic-rg/providers/Microsoft.Network/publicIPAddresses/basic-winvm-public-ip",
            "idle_timeout_in_minutes": 4,
            "ip_address": "20.97.182.88",
            "ip_tags": null,
            "ip_version": "IPv4",
            "location": "eastus2",
            "name": "basic-winvm-public-ip",
            "public_ip_prefix_id": null,
            "resource_group_name": "basic-rg",
            "reverse_fqdn": null,
            "sku": "Basic",
            "sku_tier": "Regional",
            "tags": {
              "deployed_with": "Terraform",
              "project": "Collabnix"
            },
            "timeouts": null,
            "zones": []
          },
          "sensitive_attributes": [],
          "private": "eyJlMmJmYjczMC1lY2FhLTExZTYtOGY4OC0zNDM2M2JjN2M0YzAiOnsiY3JlYXRlIjoxODAwMDAwMDAwMDAwLCJkZWxldGUiOjE4MDAwMDAwMDAwMDAsInJlYWQiOjMwMDAwMDAwMDAwMCwidXBkYXRlIjoxODAwMDAwMDAwMDAwfX0=",
          "dependencies": [
            "azurerm_resource_group.rg"
          ]
        }
      ]
    },
    {
      "mode": "managed",
      "type": "azurerm_resource_group",
      "name": "rg",
      "provider": "provider[\"registry.terraform.io/hashicorp/azurerm\"]",
      "instances": [
        {
          "schema_version": 0,
          "attributes": {
            "id": "/subscriptions/311c3c89-ff0e-4e75-901d-4d6bfa63fb32/resourceGroups/basic-rg",
            "location": "eastus2",
            "name": "basic-rg",
            "tags": {
              "deployed_with": "Terraform",
              "project": "Collabnix"
            },
            "timeouts": null
          },
          "sensitive_attributes": [],
          "private": "eyJlMmJmYjczMC1lY2FhLTExZTYtOGY4OC0zNDM2M2JjN2M0YzAiOnsiY3JlYXRlIjo1NDAwMDAwMDAwMDAwLCJkZWxldGUiOjU0MDAwMDAwMDAwMDAsInJlYWQiOjMwMDAwMDAwMDAwMCwidXBkYXRlIjo1NDAwMDAwMDAwMDAwfX0="
        }
      ]
    },
    {
      "mode": "managed",
      "type": "azurerm_subnet",
      "name": "web",
      "provider": "provider[\"registry.terraform.io/hashicorp/azurerm\"]",
      "instances": [
        {
          "schema_version": 0,
          "attributes": {
            "address_prefix": "10.0.1.0/24",
            "address_prefixes": [
              "10.0.1.0/24"
            ],
            "delegation": [],
            "enforce_private_link_endpoint_network_policies": false,
            "enforce_private_link_service_network_policies": false,
            "id": "/subscriptions/311c3c89-ff0e-4e75-901d-4d6bfa63fb32/resourceGroups/basic-rg/providers/Microsoft.Network/virtualNetworks/basic-vnet/subnets/basic-web-subnet",
            "name": "basic-web-subnet",
            "resource_group_name": "basic-rg",
            "service_endpoint_policy_ids": null,
            "service_endpoints": null,
            "timeouts": null,
            "virtual_network_name": "basic-vnet"
          },
          "sensitive_attributes": [],
          "private": "eyJlMmJmYjczMC1lY2FhLTExZTYtOGY4OC0zNDM2M2JjN2M0YzAiOnsiY3JlYXRlIjoxODAwMDAwMDAwMDAwLCJkZWxldGUiOjE4MDAwMDAwMDAwMDAsInJlYWQiOjMwMDAwMDAwMDAwMCwidXBkYXRlIjoxODAwMDAwMDAwMDAwfX0=",
          "dependencies": [
            "azurerm_resource_group.rg",
            "azurerm_virtual_network.vnet"
          ]
        }
      ]
    },
    {
      "mode": "managed",
      "type": "azurerm_subnet_network_security_group_association",
      "name": "subnet-nsg",
      "provider": "provider[\"registry.terraform.io/hashicorp/azurerm\"]",
      "instances": []
    },
    {
      "mode": "managed",
      "type": "azurerm_virtual_network",
      "name": "vnet",
      "provider": "provider[\"registry.terraform.io/hashicorp/azurerm\"]",
      "instances": [
        {
          "schema_version": 0,
          "attributes": {
            "address_space": [
              "10.0.0.0/16"
            ],
            "bgp_community": "",
            "ddos_protection_plan": [],
            "dns_servers": [],
            "guid": "73772a36-75ea-45c8-965c-ae1bceb995f3",
            "id": "/subscriptions/311c3c89-ff0e-4e75-901d-4d6bfa63fb32/resourceGroups/basic-rg/providers/Microsoft.Network/virtualNetworks/basic-vnet",
            "location": "eastus2",
            "name": "basic-vnet",
            "resource_group_name": "basic-rg",
            "subnet": [],
            "tags": {
              "deployed_with": "Terraform",
              "project": "Collabnix"
            },
            "timeouts": null,
            "vm_protection_enabled": false
          },
          "sensitive_attributes": [],
          "private": "eyJlMmJmYjczMC1lY2FhLTExZTYtOGY4OC0zNDM2M2JjN2M0YzAiOnsiY3JlYXRlIjoxODAwMDAwMDAwMDAwLCJkZWxldGUiOjE4MDAwMDAwMDAwMDAsInJlYWQiOjMwMDAwMDAwMDAwMCwidXBkYXRlIjoxODAwMDAwMDAwMDAwfX0=",
          "dependencies": [
            "azurerm_resource_group.rg"
          ]
        }
      ]
    }
  ]
}
